
Microsoft Visual Studio Solution File, Format Version 12.00
# Visual Studio Version 17
VisualStudioVersion = 17.0.32112.339
MinimumVisualStudioVersion = 10.0.40219.1
Project("{9A19103F-16F7-4668-BE54-9A1E7A4F7556}") = "CarViewer", "CarViewer\CarViewer.csproj", "{8A6AB954-E4CC-465F-9CDE-CF8FF12A010D}"
EndProject
Project("{9A19103F-16F7-4668-BE54-9A1E7A4F7556}") = "CarViewer.Data", "CarViewer.Data\CarViewer.Data.csproj", "{8A49AA4F-73DF-43E8-B18D-48F60BDFAB88}"
EndProject
Project("{9A19103F-16F7-4668-BE54-9A1E7A4F7556}") = "CarViewer.Tests", "CarViewer.Tests\CarViewer.Tests.csproj", "{BA5E34D6-0D60-4BB0-9C0D-92B6D5103C2F}"
EndProject
Project("{2150E333-8FDC-42A3-9474-1A3956D46DE8}") = "Solution Items", "Solution Items", "{1161E065-ED70-4D0C-9579-6826640308FB}"
EndProject
Global
	GlobalSection(SolutionConfigurationPlatforms) = preSolution
		Debug|Any CPU = Debug|Any CPU
		Release|Any CPU = Release|Any CPU
	EndGlobalSection
	GlobalSection(ProjectConfigurationPlatforms) = postSolution
		{8A6AB954-E4CC-465F-9CDE-CF8FF12A010D}.Debug|Any CPU.ActiveCfg = Debug|Any CPU
		{8A6AB954-E4CC-465F-9CDE-CF8FF12A010D}.Debug|Any CPU.Build.0 = Debug|Any CPU
		{8A6AB954-E4CC-465F-9CDE-CF8FF12A010D}.Release|Any CPU.ActiveCfg = Release|Any CPU
		{8A6AB954-E4CC-465F-9CDE-CF8FF12A010D}.Release|Any CPU.Build.0 = Release|Any CPU
		{8A49AA4F-73DF-43E8-B18D-48F60BDFAB88}.Debug|Any CPU.ActiveCfg = Debug|Any CPU
		{8A49AA4F-73DF-43E8-B18D-48F60BDFAB88}.Debug|Any CPU.Build.0 = Debug|Any CPU
		{8A49AA4F-73DF-43E8-B18D-48F60BDFAB88}.Release|Any CPU.ActiveCfg = Release|Any CPU
		{8A49AA4F-73DF-43E8-B18D-48F60BDFAB88}.Release|Any CPU.Build.0 = Release|Any CPU
		{BA5E34D6-0D60-4BB0-9C0D-92B6D5103C2F}.Debug|Any CPU.ActiveCfg = Debug|Any CPU
		{BA5E34D6-0D60-4BB0-9C0D-92B6D5103C2F}.Debug|Any CPU.Build.0 = Debug|Any CPU
		{BA5E34D6-0D60-4BB0-9C0D-92B6D5103C2F}.Release|Any CPU.ActiveCfg = Release|Any CPU
		{BA5E34D6-0D60-4BB0-9C0D-92B6D5103C2F}.Release|Any CPU.Build.0 = Release|Any CPU
	EndGlobalSection
	GlobalSection(SolutionProperties) = preSolution
		HideSolutionNode = FALSE
	EndGlobalSection
	GlobalSection(ExtensibilityGlobals) = postSolution
		SolutionGuid = {5CD1E081-1CE6-4A33-AD40-B90551FE68B5}
	EndGlobalSection
EndGlobal
